{
  "name": "server",
  "version": "1.0.0",
  "lockfileVersion": 3,
  "requires": true,
  "packages": {
    "": {
      "name": "server",
      "version": "1.0.0",
      "license": "ISC",
      "dependencies": {
        "gpstracker": "^0.0.4"
      }
    },
    "node_modules/gpstracker": {
      "version": "0.0.4",
      "resolved": "https://registry.npmjs.org/gpstracker/-/gpstracker-0.0.4.tgz",
      "integrity": "sha512-+uYQrk0a9WViSrm/WfyuV3dKj23Ex7DCkp34g57KEvqADEkX9d5LT26Klum0xunGCDG47g7PaMqzSzFpqgUkfA=="
    }
  }
}
